
Microsoft Visual Studio Solution File, Format Version 12.00
# Visual Studio Version 17
VisualStudioVersion = 17.5.33424.131
MinimumVisualStudioVersion = 10.0.40219.1
Project("{FAE04EC0-301F-11D3-BF4B-00C04F79EFBC}") = "EnglishCoucil", "EnglishCoucil\EnglishCoucil.csproj", "{6CF88872-A834-4009-AFCB-F0F49740E81A}"
EndProject
Global
	GlobalSection(SolutionConfigurationPlatforms) = preSolution
		Debug|Any CPU = Debug|Any CPU
		Release|Any CPU = Release|Any CPU
	EndGlobalSection
	GlobalSection(ProjectConfigurationPlatforms) = postSolution
		{6CF88872-A834-4009-AFCB-F0F49740E81A}.Debug|Any CPU.ActiveCfg = Debug|Any CPU
		{6CF88872-A834-4009-AFCB-F0F49740E81A}.Debug|Any CPU.Build.0 = Debug|Any CPU
		{6CF88872-A834-4009-AFCB-F0F49740E81A}.Release|Any CPU.ActiveCfg = Release|Any CPU
		{6CF88872-A834-4009-AFCB-F0F49740E81A}.Release|Any CPU.Build.0 = Release|Any CPU
	EndGlobalSection
	GlobalSection(SolutionProperties) = preSolution
		HideSolutionNode = FALSE
	EndGlobalSection
	GlobalSection(ExtensibilityGlobals) = postSolution
		SolutionGuid = {6B474519-3687-4C67-AD78-0F5806FE278D}
	EndGlobalSection
EndGlobal
